
Microsoft Visual Studio Solution File, Format Version 12.00
# Visual Studio Version 17
VisualStudioVersion = 17.6.33723.286
MinimumVisualStudioVersion = 10.0.40219.1
Project("{9A19103F-16F7-4668-BE54-9A1E7A4F7556}") = "SchoolProject.Api", "SchoolProject.Api\SchoolProject.Api.csproj", "{BEEFB8C1-96F4-4B49-8D67-EED8C9C96A18}"
EndProject
Project("{9A19103F-16F7-4668-BE54-9A1E7A4F7556}") = "SchoolProject.Data", "SchoolProject.Data\SchoolProject.Data.csproj", "{FDBA47E7-84E9-45CE-8BD5-DDFE4BD997C5}"
EndProject
Project("{9A19103F-16F7-4668-BE54-9A1E7A4F7556}") = "SchoolProject.Infrastructure", "SchoolProject.Infrustructure\SchoolProject.Infrastructure.csproj", "{E466199D-8102-4642-87F2-820C4186979B}"
EndProject
Project("{9A19103F-16F7-4668-BE54-9A1E7A4F7556}") = "SchoolProject.Service", "SchoolProject.Service\SchoolProject.Service.csproj", "{1BBDD29C-4E0E-4687-B77C-1E5DA7E56211}"
EndProject
Project("{9A19103F-16F7-4668-BE54-9A1E7A4F7556}") = "SchoolProject.Core", "SchoolProject.Core\SchoolProject.Core.csproj", "{9221B72A-B60E-416B-A6B5-45D88E06CC84}"
EndProject
Global
	GlobalSection(SolutionConfigurationPlatforms) = preSolution
		Debug|Any CPU = Debug|Any CPU
		Release|Any CPU = Release|Any CPU
	EndGlobalSection
	GlobalSection(ProjectConfigurationPlatforms) = postSolution
		{BEEFB8C1-96F4-4B49-8D67-EED8C9C96A18}.Debug|Any CPU.ActiveCfg = Debug|Any CPU
		{BEEFB8C1-96F4-4B49-8D67-EED8C9C96A18}.Debug|Any CPU.Build.0 = Debug|Any CPU
		{BEEFB8C1-96F4-4B49-8D67-EED8C9C96A18}.Release|Any CPU.ActiveCfg = Release|Any CPU
		{BEEFB8C1-96F4-4B49-8D67-EED8C9C96A18}.Release|Any CPU.Build.0 = Release|Any CPU
		{FDBA47E7-84E9-45CE-8BD5-DDFE4BD997C5}.Debug|Any CPU.ActiveCfg = Debug|Any CPU
		{FDBA47E7-84E9-45CE-8BD5-DDFE4BD997C5}.Debug|Any CPU.Build.0 = Debug|Any CPU
		{FDBA47E7-84E9-45CE-8BD5-DDFE4BD997C5}.Release|Any CPU.ActiveCfg = Release|Any CPU
		{FDBA47E7-84E9-45CE-8BD5-DDFE4BD997C5}.Release|Any CPU.Build.0 = Release|Any CPU
		{E466199D-8102-4642-87F2-820C4186979B}.Debug|Any CPU.ActiveCfg = Debug|Any CPU
		{E466199D-8102-4642-87F2-820C4186979B}.Debug|Any CPU.Build.0 = Debug|Any CPU
		{E466199D-8102-4642-87F2-820C4186979B}.Release|Any CPU.ActiveCfg = Release|Any CPU
		{E466199D-8102-4642-87F2-820C4186979B}.Release|Any CPU.Build.0 = Release|Any CPU
		{1BBDD29C-4E0E-4687-B77C-1E5DA7E56211}.Debug|Any CPU.ActiveCfg = Debug|Any CPU
		{1BBDD29C-4E0E-4687-B77C-1E5DA7E56211}.Debug|Any CPU.Build.0 = Debug|Any CPU
		{1BBDD29C-4E0E-4687-B77C-1E5DA7E56211}.Release|Any CPU.ActiveCfg = Release|Any CPU
		{1BBDD29C-4E0E-4687-B77C-1E5DA7E56211}.Release|Any CPU.Build.0 = Release|Any CPU
		{9221B72A-B60E-416B-A6B5-45D88E06CC84}.Debug|Any CPU.ActiveCfg = Debug|Any CPU
		{9221B72A-B60E-416B-A6B5-45D88E06CC84}.Debug|Any CPU.Build.0 = Debug|Any CPU
		{9221B72A-B60E-416B-A6B5-45D88E06CC84}.Release|Any CPU.ActiveCfg = Release|Any CPU
		{9221B72A-B60E-416B-A6B5-45D88E06CC84}.Release|Any CPU.Build.0 = Release|Any CPU
	EndGlobalSection
	GlobalSection(SolutionProperties) = preSolution
		HideSolutionNode = FALSE
	EndGlobalSection
	GlobalSection(ExtensibilityGlobals) = postSolution
		SolutionGuid = {4CF1EBF9-BD8B-48D6-9964-B80D19AE7EA2}
	EndGlobalSection
EndGlobal
